// !$*UTF8*$!
{
	archiveVersion = 1;
	classes = {
	};
	objectVersion = 50;
	objects = {

/* Begin PBXBuildFile section */
		445D104D25E7DB1100C3B6E2 /* AppDelegate.swift in Sources */ = {isa = PBXBuildFile; fileRef = 445D104C25E7DB1100C3B6E2 /* AppDelegate.swift */; };
		445D104F25E7DB1100C3B6E2 /* SceneDelegate.swift in Sources */ = {isa = PBXBuildFile; fileRef = 445D104E25E7DB1100C3B6E2 /* SceneDelegate.swift */; };
		445D105125E7DB1100C3B6E2 /* ConversationsViewController.swift in Sources */ = {isa = PBXBuildFile; fileRef = 445D105025E7DB1100C3B6E2 /* ConversationsViewController.swift */; };
		445D105425E7DB1100C3B6E2 /* Main.storyboard in Resources */ = {isa = PBXBuildFile; fileRef = 445D105225E7DB1100C3B6E2 /* Main.storyboard */; };
		445D105625E7DB1200C3B6E2 /* Assets.xcassets in Resources */ = {isa = PBXBuildFile; fileRef = 445D105525E7DB1200C3B6E2 /* Assets.xcassets */; };
		445D105925E7DB1200C3B6E2 /* LaunchScreen.storyboard in Resources */ = {isa = PBXBuildFile; fileRef = 445D105725E7DB1200C3B6E2 /* LaunchScreen.storyboard */; };
		445D106A25E7DE2B00C3B6E2 /* LoginViewController.swift in Sources */ = {isa = PBXBuildFile; fileRef = 445D106925E7DE2B00C3B6E2 /* LoginViewController.swift */; };
		445D106E25E7DE3A00C3B6E2 /* RegisterViewController.swift in Sources */ = {isa = PBXBuildFile; fileRef = 445D106D25E7DE3A00C3B6E2 /* RegisterViewController.swift */; };
		445D107125E7DE5900C3B6E2 /* PhotoViewerViewController.swift in Sources */ = {isa = PBXBuildFile; fileRef = 445D107025E7DE5900C3B6E2 /* PhotoViewerViewController.swift */; };
		445D107425E7DE6400C3B6E2 /* VideoPlayerViewController.swift in Sources */ = {isa = PBXBuildFile; fileRef = 445D107325E7DE6400C3B6E2 /* VideoPlayerViewController.swift */; };
		445D107725E7DE8300C3B6E2 /* NewConversationViewController.swift in Sources */ = {isa = PBXBuildFile; fileRef = 445D107625E7DE8300C3B6E2 /* NewConversationViewController.swift */; };
		445D107A25E7DE9900C3B6E2 /* ProfileViewController.swift in Sources */ = {isa = PBXBuildFile; fileRef = 445D107925E7DE9900C3B6E2 /* ProfileViewController.swift */; };
/* End PBXBuildFile section */

/* Begin PBXFileReference section */
		445D104925E7DB1100C3B6E2 /* Messenger.app */ = {isa = PBXFileReference; explicitFileType = wrapper.application; includeInIndex = 0; path = Messenger.app; sourceTree = BUILT_PRODUCTS_DIR; };
		445D104C25E7DB1100C3B6E2 /* AppDelegate.swift */ = {isa = PBXFileReference; lastKnownFileType = sourcecode.swift; path = AppDelegate.swift; sourceTree = "<group>"; };
		445D104E25E7DB1100C3B6E2 /* SceneDelegate.swift */ = {isa = PBXFileReference; lastKnownFileType = sourcecode.swift; path = SceneDelegate.swift; sourceTree = "<group>"; };
		445D105025E7DB1100C3B6E2 /* ConversationsViewController.swift */ = {isa = PBXFileReference; lastKnownFileType = sourcecode.swift; path = ConversationsViewController.swift; sourceTree = "<group>"; };
		445D105325E7DB1100C3B6E2 /* Base */ = {isa = PBXFileReference; lastKnownFileType = file.storyboard; name = Base; path = Base.lproj/Main.storyboard; sourceTree = "<group>"; };
		445D105525E7DB1200C3B6E2 /* Assets.xcassets */ = {isa = PBXFileReference; lastKnownFileType = folder.assetcatalog; path = Assets.xcassets; sourceTree = "<group>"; };
		445D105825E7DB1200C3B6E2 /* Base */ = {isa = PBXFileReference; lastKnownFileType = file.storyboard; name = Base; path = Base.lproj/LaunchScreen.storyboard; sourceTree = "<group>"; };
		445D105A25E7DB1200C3B6E2 /* Info.plist */ = {isa = PBXFileReference; lastKnownFileType = text.plist.xml; path = Info.plist; sourceTree = "<group>"; };
		445D106925E7DE2B00C3B6E2 /* LoginViewController.swift */ = {isa = PBXFileReference; lastKnownFileType = sourcecode.swift; path = LoginViewController.swift; sourceTree = "<group>"; };
		445D106D25E7DE3A00C3B6E2 /* RegisterViewController.swift */ = {isa = PBXFileReference; lastKnownFileType = sourcecode.swift; path = RegisterViewController.swift; sourceTree = "<group>"; };
		445D107025E7DE5900C3B6E2 /* PhotoViewerViewController.swift */ = {isa = PBXFileReference; lastKnownFileType = sourcecode.swift; path = PhotoViewerViewController.swift; sourceTree = "<group>"; };
		445D107325E7DE6400C3B6E2 /* VideoPlayerViewController.swift */ = {isa = PBXFileReference; lastKnownFileType = sourcecode.swift; path = VideoPlayerViewController.swift; sourceTree = "<group>"; };
		445D107625E7DE8300C3B6E2 /* NewConversationViewController.swift */ = {isa = PBXFileReference; lastKnownFileType = sourcecode.swift; path = NewConversationViewController.swift; sourceTree = "<group>"; };
		445D107925E7DE9900C3B6E2 /* ProfileViewController.swift */ = {isa = PBXFileReference; lastKnownFileType = sourcecode.swift; path = ProfileViewController.swift; sourceTree = "<group>"; };
/* End PBXFileReference section */

/* Begin PBXFrameworksBuildPhase section */
		445D104625E7DB1100C3B6E2 /* Frameworks */ = {
			isa = PBXFrameworksBuildPhase;
			buildActionMask = 2147483647;
			files = (
			);
			runOnlyForDeploymentPostprocessing = 0;
		};
/* End PBXFrameworksBuildPhase section */

/* Begin PBXGroup section */
		445D104025E7DB1100C3B6E2 = {
			isa = PBXGroup;
			children = (
				445D104B25E7DB1100C3B6E2 /* Messenger */,
				445D104A25E7DB1100C3B6E2 /* Products */,
			);
			sourceTree = "<group>";
		};
		445D104A25E7DB1100C3B6E2 /* Products */ = {
			isa = PBXGroup;
			children = (
				445D104925E7DB1100C3B6E2 /* Messenger.app */,
			);
			name = Products;
			sourceTree = "<group>";
		};
		445D104B25E7DB1100C3B6E2 /* Messenger */ = {
			isa = PBXGroup;
			children = (
				445D106525E7DC6000C3B6E2 /* Resources */,
				445D106425E7DC5A00C3B6E2 /* ViewModels */,
				445D106325E7DC5600C3B6E2 /* Models */,
				445D106225E7DC5100C3B6E2 /* Views */,
				445D106125E7DC4500C3B6E2 /* Controllers */,
				445D105A25E7DB1200C3B6E2 /* Info.plist */,
			);
			path = Messenger;
			sourceTree = "<group>";
		};
		445D106125E7DC4500C3B6E2 /* Controllers */ = {
			isa = PBXGroup;
			children = (
				445D105025E7DB1100C3B6E2 /* ConversationsViewController.swift */,
				445D106925E7DE2B00C3B6E2 /* LoginViewController.swift */,
				445D106D25E7DE3A00C3B6E2 /* RegisterViewController.swift */,
				445D107025E7DE5900C3B6E2 /* PhotoViewerViewController.swift */,
				445D107325E7DE6400C3B6E2 /* VideoPlayerViewController.swift */,
				445D107625E7DE8300C3B6E2 /* NewConversationViewController.swift */,
				445D107925E7DE9900C3B6E2 /* ProfileViewController.swift */,
			);
			path = Controllers;
			sourceTree = "<group>";
		};
		445D106225E7DC5100C3B6E2 /* Views */ = {
			isa = PBXGroup;
			children = (
				445D106725E7DC8700C3B6E2 /* Storyboards */,
				445D105525E7DB1200C3B6E2 /* Assets.xcassets */,
			);
			path = Views;
			sourceTree = "<group>";
		};
		445D106325E7DC5600C3B6E2 /* Models */ = {
			isa = PBXGroup;
			children = (
			);
			path = Models;
			sourceTree = "<group>";
		};
		445D106425E7DC5A00C3B6E2 /* ViewModels */ = {
			isa = PBXGroup;
			children = (
			);
			path = ViewModels;
			sourceTree = "<group>";
		};
		445D106525E7DC6000C3B6E2 /* Resources */ = {
			isa = PBXGroup;
			children = (
				445D104C25E7DB1100C3B6E2 /* AppDelegate.swift */,
				445D104E25E7DB1100C3B6E2 /* SceneDelegate.swift */,
			);
			path = Resources;
			sourceTree = "<group>";
		};
		445D106725E7DC8700C3B6E2 /* Storyboards */ = {
			isa = PBXGroup;
			children = (
				445D105225E7DB1100C3B6E2 /* Main.storyboard */,
				445D105725E7DB1200C3B6E2 /* LaunchScreen.storyboard */,
			);
			path = Storyboards;
			sourceTree = "<group>";
		};
/* End PBXGroup section */

/* Begin PBXNativeTarget section */
		445D104825E7DB1100C3B6E2 /* Messenger */ = {
			isa = PBXNativeTarget;
			buildConfigurationList = 445D105D25E7DB1200C3B6E2 /* Build configuration list for PBXNativeTarget "Messenger" */;
			buildPhases = (
				445D104525E7DB1100C3B6E2 /* Sources */,
				445D104625E7DB1100C3B6E2 /* Frameworks */,
				445D104725E7DB1100C3B6E2 /* Resources */,
			);
			buildRules = (
			);
			dependencies = (
			);
			name = Messenger;
			productName = Messenger;
			productReference = 445D104925E7DB1100C3B6E2 /* Messenger.app */;
			productType = "com.apple.product-type.application";
		};
/* End PBXNativeTarget section */

/* Begin PBXProject section */
		445D104125E7DB1100C3B6E2 /* Project object */ = {
			isa = PBXProject;
			attributes = {
				LastSwiftUpdateCheck = 1240;
				LastUpgradeCheck = 1240;
				TargetAttributes = {
					445D104825E7DB1100C3B6E2 = {
						CreatedOnToolsVersion = 12.4;
					};
				};
			};
			buildConfigurationList = 445D104425E7DB1100C3B6E2 /* Build configuration list for PBXProject "Messenger" */;
			compatibilityVersion = "Xcode 9.3";
			developmentRegion = en;
			hasScannedForEncodings = 0;
			knownRegions = (
				en,
				Base,
			);
			mainGroup = 445D104025E7DB1100C3B6E2;
			productRefGroup = 445D104A25E7DB1100C3B6E2 /* Products */;
			projectDirPath = "";
			projectRoot = "";
			targets = (
				445D104825E7DB1100C3B6E2 /* Messenger */,
			);
		};
/* End PBXProject section */

/* Begin PBXResourcesBuildPhase section */
		445D104725E7DB1100C3B6E2 /* Resources */ = {
			isa = PBXResourcesBuildPhase;
			buildActionMask = 2147483647;
			files = (
				445D105925E7DB1200C3B6E2 /* LaunchScreen.storyboard in Resources */,
				445D105625E7DB1200C3B6E2 /* Assets.xcassets in Resources */,
				445D105425E7DB1100C3B6E2 /* Main.storyboard in Resources */,
			);
			runOnlyForDeploymentPostprocessing = 0;
		};
/* End PBXResourcesBuildPhase section */

/* Begin PBXSourcesBuildPhase section */
		445D104525E7DB1100C3B6E2 /* Sources */ = {
			isa = PBXSourcesBuildPhase;
			buildActionMask = 2147483647;
			files = (
				445D106A25E7DE2B00C3B6E2 /* LoginViewController.swift in Sources */,
				445D106E25E7DE3A00C3B6E2 /* RegisterViewController.swift in Sources */,
				445D107725E7DE8300C3B6E2 /* NewConversationViewController.swift in Sources */,
				445D105125E7DB1100C3B6E2 /* ConversationsViewController.swift in Sources */,
				445D107425E7DE6400C3B6E2 /* VideoPlayerViewController.swift in Sources */,
				445D104D25E7DB1100C3B6E2 /* AppDelegate.swift in Sources */,
				445D107A25E7DE9900C3B6E2 /* ProfileViewController.swift in Sources */,
				445D104F25E7DB1100C3B6E2 /* SceneDelegate.swift in Sources */,
				445D107125E7DE5900C3B6E2 /* PhotoViewerViewController.swift in Sources */,
			);
			runOnlyForDeploymentPostprocessing = 0;
		};
/* End PBXSourcesBuildPhase section */

/* Begin PBXVariantGroup section */
		445D105225E7DB1100C3B6E2 /* Main.storyboard */ = {
			isa = PBXVariantGroup;
			children = (
				445D105325E7DB1100C3B6E2 /* Base */,
			);
			name = Main.storyboard;
			sourceTree = "<group>";
		};
		445D105725E7DB1200C3B6E2 /* LaunchScreen.storyboard */ = {
			isa = PBXVariantGroup;
			children = (
				445D105825E7DB1200C3B6E2 /* Base */,
			);
			name = LaunchScreen.storyboard;
			sourceTree = "<group>";
		};
/* End PBXVariantGroup section */

/* Begin XCBuildConfiguration section */
		445D105B25E7DB1200C3B6E2 /* Debug */ = {
			isa = XCBuildConfiguration;
			buildSettings = {
				ALWAYS_SEARCH_USER_PATHS = NO;
				CLANG_ANALYZER_NONNULL = YES;
				CLANG_ANALYZER_NUMBER_OBJECT_CONVERSION = YES_AGGRESSIVE;
				CLANG_CXX_LANGUAGE_STANDARD = "gnu++14";
				CLANG_CXX_LIBRARY = "libc++";
				CLANG_ENABLE_MODULES = YES;
				CLANG_ENABLE_OBJC_ARC = YES;
				CLANG_ENABLE_OBJC_WEAK = YES;
				CLANG_WARN_BLOCK_CAPTURE_AUTORELEASING = YES;
				CLANG_WARN_BOOL_CONVERSION = YES;
				CLANG_WARN_COMMA = YES;
				CLANG_WARN_CONSTANT_CONVERSION = YES;
				CLANG_WARN_DEPRECATED_OBJC_IMPLEMENTATIONS = YES;
				CLANG_WARN_DIRECT_OBJC_ISA_USAGE = YES_ERROR;
				CLANG_WARN_DOCUMENTATION_COMMENTS = YES;
				CLANG_WARN_EMPTY_BODY = YES;
				CLANG_WARN_ENUM_CONVERSION = YES;
				CLANG_WARN_INFINITE_RECURSION = YES;
				CLANG_WARN_INT_CONVERSION = YES;
				CLANG_WARN_NON_LITERAL_NULL_CONVERSION = YES;
				CLANG_WARN_OBJC_IMPLICIT_RETAIN_SELF = YES;
				CLANG_WARN_OBJC_LITERAL_CONVERSION = YES;
				CLANG_WARN_OBJC_ROOT_CLASS = YES_ERROR;
				CLANG_WARN_QUOTED_INCLUDE_IN_FRAMEWORK_HEADER = YES;
				CLANG_WARN_RANGE_LOOP_ANALYSIS = YES;
				CLANG_WARN_STRICT_PROTOTYPES = YES;
				CLANG_WARN_SUSPICIOUS_MOVE = YES;
				CLANG_WARN_UNGUARDED_AVAILABILITY = YES_AGGRESSIVE;
				CLANG_WARN_UNREACHABLE_CODE = YES;
				CLANG_WARN__DUPLICATE_METHOD_MATCH = YES;
				COPY_PHASE_STRIP = NO;
				DEBUG_INFORMATION_FORMAT = dwarf;
				ENABLE_STRICT_OBJC_MSGSEND = YES;
				ENABLE_TESTABILITY = YES;
				GCC_C_LANGUAGE_STANDARD = gnu11;
				GCC_DYNAMIC_NO_PIC = NO;
				GCC_NO_COMMON_BLOCKS = YES;
				GCC_OPTIMIZATION_LEVEL = 0;
				GCC_PREPROCESSOR_DEFINITIONS = (
					"DEBUG=1",
					"$(inherited)",
				);
				GCC_WARN_64_TO_32_BIT_CONVERSION = YES;
				GCC_WARN_ABOUT_RETURN_TYPE = YES_ERROR;
				GCC_WARN_UNDECLARED_SELECTOR = YES;
				GCC_WARN_UNINITIALIZED_AUTOS = YES_AGGRESSIVE;
				GCC_WARN_UNUSED_FUNCTION = YES;
				GCC_WARN_UNUSED_VARIABLE = YES;
				IPHONEOS_DEPLOYMENT_TARGET = 14.4;
				MTL_ENABLE_DEBUG_INFO = INCLUDE_SOURCE;
				MTL_FAST_MATH = YES;
				ONLY_ACTIVE_ARCH = YES;
				SDKROOT = iphoneos;
				SWIFT_ACTIVE_COMPILATION_CONDITIONS = DEBUG;
				SWIFT_OPTIMIZATION_LEVEL = "-Onone";
			};
			name = Debug;
		};
		445D105C25E7DB1200C3B6E2 /* Release */ = {
			isa = XCBuildConfiguration;
			buildSettings = {
				ALWAYS_SEARCH_USER_PATHS = NO;
				CLANG_ANALYZER_NONNULL = YES;
				CLANG_ANALYZER_NUMBER_OBJECT_CONVERSION = YES_AGGRESSIVE;
				CLANG_CXX_LANGUAGE_STANDARD = "gnu++14";
				CLANG_CXX_LIBRARY = "libc++";
				CLANG_ENABLE_MODULES = YES;
				CLANG_ENABLE_OBJC_ARC = YES;
				CLANG_ENABLE_OBJC_WEAK = YES;
				CLANG_WARN_BLOCK_CAPTURE_AUTORELEASING = YES;
				CLANG_WARN_BOOL_CONVERSION = YES;
				CLANG_WARN_COMMA = YES;
				CLANG_WARN_CONSTANT_CONVERSION = YES;
				CLANG_WARN_DEPRECATED_OBJC_IMPLEMENTATIONS = YES;
				CLANG_WARN_DIRECT_OBJC_ISA_USAGE = YES_ERROR;
				CLANG_WARN_DOCUMENTATION_COMMENTS = YES;
				CLANG_WARN_EMPTY_BODY = YES;
				CLANG_WARN_ENUM_CONVERSION = YES;
				CLANG_WARN_INFINITE_RECURSION = YES;
				CLANG_WARN_INT_CONVERSION = YES;
				CLANG_WARN_NON_LITERAL_NULL_CONVERSION = YES;
				CLANG_WARN_OBJC_IMPLICIT_RETAIN_SELF = YES;
				CLANG_WARN_OBJC_LITERAL_CONVERSION = YES;
				CLANG_WARN_OBJC_ROOT_CLASS = YES_ERROR;
				CLANG_WARN_QUOTED_INCLUDE_IN_FRAMEWORK_HEADER = YES;
				CLANG_WARN_RANGE_LOOP_ANALYSIS = YES;
				CLANG_WARN_STRICT_PROTOTYPES = YES;
				CLANG_WARN_SUSPICIOUS_MOVE = YES;
				CLANG_WARN_UNGUARDED_AVAILABILITY = YES_AGGRESSIVE;
				CLANG_WARN_UNREACHABLE_CODE = YES;
				CLANG_WARN__DUPLICATE_METHOD_MATCH = YES;
				COPY_PHASE_STRIP = NO;
				DEBUG_INFORMATION_FORMAT = "dwarf-with-dsym";
				ENABLE_NS_ASSERTIONS = NO;
				ENABLE_STRICT_OBJC_MSGSEND = YES;
				GCC_C_LANGUAGE_STANDARD = gnu11;
				GCC_NO_COMMON_BLOCKS = YES;
				GCC_WARN_64_TO_32_BIT_CONVERSION = YES;
				GCC_WARN_ABOUT_RETURN_TYPE = YES_ERROR;
				GCC_WARN_UNDECLARED_SELECTOR = YES;
				GCC_WARN_UNINITIALIZED_AUTOS = YES_AGGRESSIVE;
				GCC_WARN_UNUSED_FUNCTION = YES;
				GCC_WARN_UNUSED_VARIABLE = YES;
				IPHONEOS_DEPLOYMENT_TARGET = 14.4;
				MTL_ENABLE_DEBUG_INFO = NO;
				MTL_FAST_MATH = YES;
				SDKROOT = iphoneos;
				SWIFT_COMPILATION_MODE = wholemodule;
				SWIFT_OPTIMIZATION_LEVEL = "-O";
				VALIDATE_PRODUCT = YES;
			};
			name = Release;
		};
		445D105E25E7DB1200C3B6E2 /* Debug */ = {
			isa = XCBuildConfiguration;
			buildSettings = {
				ASSETCATALOG_COMPILER_APPICON_NAME = AppIcon;
				ASSETCATALOG_COMPILER_GLOBAL_ACCENT_COLOR_NAME = AccentColor;
				CODE_SIGN_STYLE = Automatic;
				INFOPLIST_FILE = Messenger/Info.plist;
				LD_RUNPATH_SEARCH_PATHS = (
					"$(inherited)",
					"@executable_path/Frameworks",
				);
				PRODUCT_BUNDLE_IDENTIFIER = com.alan.Messenger;
				PRODUCT_NAME = "$(TARGET_NAME)";
				SWIFT_VERSION = 5.0;
				TARGETED_DEVICE_FAMILY = "1,2";
			};
			name = Debug;
		};
		445D105F25E7DB1200C3B6E2 /* Release */ = {
			isa = XCBuildConfiguration;
			buildSettings = {
				ASSETCATALOG_COMPILER_APPICON_NAME = AppIcon;
				ASSETCATALOG_COMPILER_GLOBAL_ACCENT_COLOR_NAME = AccentColor;
				CODE_SIGN_STYLE = Automatic;
				INFOPLIST_FILE = Messenger/Info.plist;
				LD_RUNPATH_SEARCH_PATHS = (
					"$(inherited)",
					"@executable_path/Frameworks",
				);
				PRODUCT_BUNDLE_IDENTIFIER = com.alan.Messenger;
				PRODUCT_NAME = "$(TARGET_NAME)";
				SWIFT_VERSION = 5.0;
				TARGETED_DEVICE_FAMILY = "1,2";
			};
			name = Release;
		};
/* End XCBuildConfiguration section */

/* Begin XCConfigurationList section */
		445D104425E7DB1100C3B6E2 /* Build configuration list for PBXProject "Messenger" */ = {
			isa = XCConfigurationList;
			buildConfigurations = (
				445D105B25E7DB1200C3B6E2 /* Debug */,
				445D105C25E7DB1200C3B6E2 /* Release */,
			);
			defaultConfigurationIsVisible = 0;
			defaultConfigurationName = Release;
		};
		445D105D25E7DB1200C3B6E2 /* Build configuration list for PBXNativeTarget "Messenger" */ = {
			isa = XCConfigurationList;
			buildConfigurations = (
				445D105E25E7DB1200C3B6E2 /* Debug */,
				445D105F25E7DB1200C3B6E2 /* Release */,
			);
			defaultConfigurationIsVisible = 0;
			defaultConfigurationName = Release;
		};
/* End XCConfigurationList section */
	};
	rootObject = 445D104125E7DB1100C3B6E2 /* Project object */;
}
